
Microsoft Visual Studio Solution File, Format Version 12.00
# Visual Studio 15
VisualStudioVersion = 15.0.28307.902
MinimumVisualStudioVersion = 10.0.40219.1
Project("{8BC9CEB8-8B4A-11D0-8D11-00A0C91BC942}") = "chahu", "chahu\chahu.vcxproj", "{22433861-8FCF-4744-9BD4-EB6A799A66B9}"
EndProject
Global
	GlobalSection(SolutionConfigurationPlatforms) = preSolution
		Debug|x64 = Debug|x64
		Debug|x86 = Debug|x86
		Release|x64 = Release|x64
		Release|x86 = Release|x86
	EndGlobalSection
	GlobalSection(ProjectConfigurationPlatforms) = postSolution
		{22433861-8FCF-4744-9BD4-EB6A799A66B9}.Debug|x64.ActiveCfg = Debug|x64
		{22433861-8FCF-4744-9BD4-EB6A799A66B9}.Debug|x64.Build.0 = Debug|x64
		{22433861-8FCF-4744-9BD4-EB6A799A66B9}.Debug|x86.ActiveCfg = Debug|Win32
		{22433861-8FCF-4744-9BD4-EB6A799A66B9}.Debug|x86.Build.0 = Debug|Win32
		{22433861-8FCF-4744-9BD4-EB6A799A66B9}.Release|x64.ActiveCfg = Release|x64
		{22433861-8FCF-4744-9BD4-EB6A799A66B9}.Release|x64.Build.0 = Release|x64
		{22433861-8FCF-4744-9BD4-EB6A799A66B9}.Release|x86.ActiveCfg = Release|Win32
		{22433861-8FCF-4744-9BD4-EB6A799A66B9}.Release|x86.Build.0 = Release|Win32
	EndGlobalSection
	GlobalSection(SolutionProperties) = preSolution
		HideSolutionNode = FALSE
	EndGlobalSection
	GlobalSection(ExtensibilityGlobals) = postSolution
		SolutionGuid = {B3F65074-EE3C-4755-A6B1-0EB64599EBA9}
	EndGlobalSection
EndGlobal
